// !$*UTF8*$!
{
	archiveVersion = 1;
	classes = {
	};
	objectVersion = 46;
	objects = {

/* Begin PBXBuildFile section */
		3F6B9BC790F8A96142E9C1CA /* Pods_LexusApp.framework in Frameworks */ = {isa = PBXBuildFile; fileRef = 6C19653DC28963C1222D433F /* Pods_LexusApp.framework */; };
		D71A4FCB1D8AE9950053E98C /* NetworkingManager.m in Sources */ = {isa = PBXBuildFile; fileRef = D71A4FCA1D8AE9950053E98C /* NetworkingManager.m */; };
		D71A4FCE1D8AF02F0053E98C /* BaseModel.m in Sources */ = {isa = PBXBuildFile; fileRef = D71A4FCD1D8AF02F0053E98C /* BaseModel.m */; settings = {COMPILER_FLAGS = "-fno-objc-arc"; }; };
		D71A4FD11D8AF4930053E98C /* HintView.m in Sources */ = {isa = PBXBuildFile; fileRef = D71A4FD01D8AF4930053E98C /* HintView.m */; };
		D71A4FD61D8E91B70053E98C /* LocalUserManager.m in Sources */ = {isa = PBXBuildFile; fileRef = D71A4FD51D8E91B70053E98C /* LocalUserManager.m */; };
		D728D6281D8FF577000C2203 /* testVideo.mp4 in Resources */ = {isa = PBXBuildFile; fileRef = D728D6271D8FF577000C2203 /* testVideo.mp4 */; };
		D728D62C1D9043DC000C2203 /* CustomHintViewController.m in Sources */ = {isa = PBXBuildFile; fileRef = D728D62A1D9043DC000C2203 /* CustomHintViewController.m */; };
		D728D62D1D9043DC000C2203 /* CustomHintViewController.xib in Resources */ = {isa = PBXBuildFile; fileRef = D728D62B1D9043DC000C2203 /* CustomHintViewController.xib */; };
		D728D6801D90E501000C2203 /* CarCategoreManager.m in Sources */ = {isa = PBXBuildFile; fileRef = D728D67F1D90E501000C2203 /* CarCategoreManager.m */; };
		D728D6A51D919100000C2203 /* CarCategore.plist in Resources */ = {isa = PBXBuildFile; fileRef = D728D6A41D919100000C2203 /* CarCategore.plist */; };
		D728D6A81D922DBE000C2203 /* CustomTools.m in Sources */ = {isa = PBXBuildFile; fileRef = D728D6A71D922DBE000C2203 /* CustomTools.m */; };
		D728D6AB1D9232DD000C2203 /* CustomLoginCtrl.m in Sources */ = {isa = PBXBuildFile; fileRef = D728D6AA1D9232DD000C2203 /* CustomLoginCtrl.m */; };
		D75AE0651D7BE5DA006685AE /* FMSelectKmViewController.m in Sources */ = {isa = PBXBuildFile; fileRef = D75AE0641D7BE5DA006685AE /* FMSelectKmViewController.m */; };
		D75AE0681D7BEF9B006685AE /* FMDetailViewController.m in Sources */ = {isa = PBXBuildFile; fileRef = D75AE0671D7BEF9B006685AE /* FMDetailViewController.m */; };
		D75AE06C1D7D2223006685AE /* FMDetailCheckView.m in Sources */ = {isa = PBXBuildFile; fileRef = D75AE06B1D7D2223006685AE /* FMDetailCheckView.m */; };
		D75AE06F1D7D223C006685AE /* FMDetailChangeView.m in Sources */ = {isa = PBXBuildFile; fileRef = D75AE06E1D7D223C006685AE /* FMDetailChangeView.m */; };
		D75AE0721D7D3CE8006685AE /* FMDetailChangeShowView.m in Sources */ = {isa = PBXBuildFile; fileRef = D75AE0711D7D3CE8006685AE /* FMDetailChangeShowView.m */; };
		D75AE0761D7D3F58006685AE /* FMDetailChangeTableViewCell.m in Sources */ = {isa = PBXBuildFile; fileRef = D75AE0741D7D3F58006685AE /* FMDetailChangeTableViewCell.m */; };
		D75AE0771D7D3F58006685AE /* FMDetailChangeTableViewCell.xib in Resources */ = {isa = PBXBuildFile; fileRef = D75AE0751D7D3F58006685AE /* FMDetailChangeTableViewCell.xib */; };
		D75AE07A1D7D4A43006685AE /* UILabel+AttributedString.m in Sources */ = {isa = PBXBuildFile; fileRef = D75AE0791D7D4A43006685AE /* UILabel+AttributedString.m */; };
		D75AE07E1D7D8825006685AE /* LoginViewController.m in Sources */ = {isa = PBXBuildFile; fileRef = D75AE07D1D7D8825006685AE /* LoginViewController.m */; };
		D75AE0931D7EA83D006685AE /* UILabel+ChangeDefaultFont.m in Sources */ = {isa = PBXBuildFile; fileRef = D75AE0921D7EA83D006685AE /* UILabel+ChangeDefaultFont.m */; };
		D75AE09C1D7EAA3C006685AE /* Lexus_jiancuhei.TTF in Resources */ = {isa = PBXBuildFile; fileRef = D75AE0981D7EAA3C006685AE /* Lexus_jiancuhei.TTF */; };
		D75AE09D1D7EAA3C006685AE /* Lexus_jianhei.TTF in Resources */ = {isa = PBXBuildFile; fileRef = D75AE0991D7EAA3C006685AE /* Lexus_jianhei.TTF */; };
		D75AE09E1D7EAA3C006685AE /* Lexus_jianzhengxian.TTF in Resources */ = {isa = PBXBuildFile; fileRef = D75AE09A1D7EAA3C006685AE /* Lexus_jianzhengxian.TTF */; };
		D75AE09F1D7EAA3C006685AE /* Lexus_jianzhonghei.TTF in Resources */ = {isa = PBXBuildFile; fileRef = D75AE09B1D7EAA3C006685AE /* Lexus_jianzhonghei.TTF */; };
		D75AE0A01D7EAA4D006685AE /* Lexus_jiancuhei.TTF in Sources */ = {isa = PBXBuildFile; fileRef = D75AE0981D7EAA3C006685AE /* Lexus_jiancuhei.TTF */; };
		D75AE0A11D7EAA4D006685AE /* Lexus_jianhei.TTF in Sources */ = {isa = PBXBuildFile; fileRef = D75AE0991D7EAA3C006685AE /* Lexus_jianhei.TTF */; };
		D75AE0A21D7EAA4D006685AE /* Lexus_jianzhengxian.TTF in Sources */ = {isa = PBXBuildFile; fileRef = D75AE09A1D7EAA3C006685AE /* Lexus_jianzhengxian.TTF */; };
		D75AE0A31D7EAA4D006685AE /* Lexus_jianzhonghei.TTF in Sources */ = {isa = PBXBuildFile; fileRef = D75AE09B1D7EAA3C006685AE /* Lexus_jianzhonghei.TTF */; };
		D75AE0A61D7EBD60006685AE /* UserIconItemView.m in Sources */ = {isa = PBXBuildFile; fileRef = D75AE0A51D7EBD60006685AE /* UserIconItemView.m */; };
		D75AE0AA1D7EC098006685AE /* UserModel.m in Sources */ = {isa = PBXBuildFile; fileRef = D75AE0A91D7EC098006685AE /* UserModel.m */; };
		D75AE0AE1D7FE2F6006685AE /* StudyUnlockViewController.m in Sources */ = {isa = PBXBuildFile; fileRef = D75AE0AD1D7FE2F6006685AE /* StudyUnlockViewController.m */; };
		D75AE0B11D7FE5B6006685AE /* GestureUnlockView.m in Sources */ = {isa = PBXBuildFile; fileRef = D75AE0B01D7FE5B6006685AE /* GestureUnlockView.m */; };
		D75AE0B71D7FE89C006685AE /* GestureModel.m in Sources */ = {isa = PBXBuildFile; fileRef = D75AE0B61D7FE89C006685AE /* GestureModel.m */; };
		D75AE0BA1D800BF1006685AE /* StudyDetailViewController.m in Sources */ = {isa = PBXBuildFile; fileRef = D75AE0B91D800BF1006685AE /* StudyDetailViewController.m */; };
		D75AE0BD1D8047E8006685AE /* UserManager.m in Sources */ = {isa = PBXBuildFile; fileRef = D75AE0BC1D8047E8006685AE /* UserManager.m */; };
		D75AE0C01D806297006685AE /* StudyListModel.m in Sources */ = {isa = PBXBuildFile; fileRef = D75AE0BF1D806297006685AE /* StudyListModel.m */; };
		D75AE0C71D80634F006685AE /* StudyListTableViewCell.m in Sources */ = {isa = PBXBuildFile; fileRef = D75AE0C51D80634F006685AE /* StudyListTableViewCell.m */; };
		D75AE0C81D80634F006685AE /* StudyListTableViewCell.xib in Resources */ = {isa = PBXBuildFile; fileRef = D75AE0C61D80634F006685AE /* StudyListTableViewCell.xib */; };
		D75AE0CB1D817E22006685AE /* StudyMainView.m in Sources */ = {isa = PBXBuildFile; fileRef = D75AE0CA1D817E21006685AE /* StudyMainView.m */; };
		D77C9CCB1D89354A00DE0C32 /* CarSelectedItemView.m in Sources */ = {isa = PBXBuildFile; fileRef = D77C9CCA1D89354A00DE0C32 /* CarSelectedItemView.m */; };
		D7DFC1A81D754A3B007A6D0C /* main.m in Sources */ = {isa = PBXBuildFile; fileRef = D7DFC1A71D754A3B007A6D0C /* main.m */; };
		D7DFC1AB1D754A3B007A6D0C /* AppDelegate.m in Sources */ = {isa = PBXBuildFile; fileRef = D7DFC1AA1D754A3B007A6D0C /* AppDelegate.m */; };
		D7DFC1AE1D754A3B007A6D0C /* ViewController.m in Sources */ = {isa = PBXBuildFile; fileRef = D7DFC1AD1D754A3B007A6D0C /* ViewController.m */; };
		D7DFC1B11D754A3B007A6D0C /* Main.storyboard in Resources */ = {isa = PBXBuildFile; fileRef = D7DFC1AF1D754A3B007A6D0C /* Main.storyboard */; };
		D7DFC1B31D754A3B007A6D0C /* Assets.xcassets in Resources */ = {isa = PBXBuildFile; fileRef = D7DFC1B21D754A3B007A6D0C /* Assets.xcassets */; };
		D7DFC1B61D754A3B007A6D0C /* LaunchScreen.storyboard in Resources */ = {isa = PBXBuildFile; fileRef = D7DFC1B41D754A3B007A6D0C /* LaunchScreen.storyboard */; };
		D7DFC1C41D754B76007A6D0C /* AccelerometerManager.m in Sources */ = {isa = PBXBuildFile; fileRef = D7DFC1C31D754B76007A6D0C /* AccelerometerManager.m */; };
		D7DFC1C81D754CAA007A6D0C /* BaseViewController.m in Sources */ = {isa = PBXBuildFile; fileRef = D7DFC1C61D754CAA007A6D0C /* BaseViewController.m */; };
		D7DFC1E01D76D0F5007A6D0C /* NSArray+sortBy.m in Sources */ = {isa = PBXBuildFile; fileRef = D7DFC1CF1D76D0F5007A6D0C /* NSArray+sortBy.m */; };
		D7DFC1E11D76D0F5007A6D0C /* NSDate+TodayZeroClock.m in Sources */ = {isa = PBXBuildFile; fileRef = D7DFC1D11D76D0F5007A6D0C /* NSDate+TodayZeroClock.m */; };
		D7DFC1E21D76D0F5007A6D0C /* NSObject+ValueOfStringOrNull.m in Sources */ = {isa = PBXBuildFile; fileRef = D7DFC1D31D76D0F5007A6D0C /* NSObject+ValueOfStringOrNull.m */; };
		D7DFC1E31D76D0F5007A6D0C /* NSString+Valid.m in Sources */ = {isa = PBXBuildFile; fileRef = D7DFC1D51D76D0F5007A6D0C /* NSString+Valid.m */; };
		D7DFC1E41D76D0F5007A6D0C /* UIColor+Custom.m in Sources */ = {isa = PBXBuildFile; fileRef = D7DFC1D71D76D0F5007A6D0C /* UIColor+Custom.m */; };
		D7DFC1E51D76D0F5007A6D0C /* UILabel+VerticalAlign.m in Sources */ = {isa = PBXBuildFile; fileRef = D7DFC1D91D76D0F5007A6D0C /* UILabel+VerticalAlign.m */; };
		D7DFC1E61D76D0F5007A6D0C /* UITextField+PlaceholderText.m in Sources */ = {isa = PBXBuildFile; fileRef = D7DFC1DB1D76D0F5007A6D0C /* UITextField+PlaceholderText.m */; };
		D7DFC1E71D76D0F5007A6D0C /* UIView+frameAdjust.m in Sources */ = {isa = PBXBuildFile; fileRef = D7DFC1DD1D76D0F5007A6D0C /* UIView+frameAdjust.m */; };
		D7DFC1E81D76D0F5007A6D0C /* UIViewController+BackBtnHandler.m in Sources */ = {isa = PBXBuildFile; fileRef = D7DFC1DF1D76D0F5007A6D0C /* UIViewController+BackBtnHandler.m */; };
		D7DFC1F21D77ECAA007A6D0C /* FMSelectCarViewController.m in Sources */ = {isa = PBXBuildFile; fileRef = D7DFC1F11D77ECAA007A6D0C /* FMSelectCarViewController.m */; };
		D7DFC1F71D7954B4007A6D0C /* CustomTabbarViewController.m in Sources */ = {isa = PBXBuildFile; fileRef = D7DFC1F61D7954B4007A6D0C /* CustomTabbarViewController.m */; };
		D7ECB1551D97C618004BD11F /* ChangeImageList.plist in Resources */ = {isa = PBXBuildFile; fileRef = D7ECB1541D97C618004BD11F /* ChangeImageList.plist */; };
		D7ED6ABC1D944847003C5E20 /* EWPViewController.m in Sources */ = {isa = PBXBuildFile; fileRef = D7ED6ABB1D944847003C5E20 /* EWPViewController.m */; };
		D7ED6ABF1D944858003C5E20 /* HEVAViewController.m in Sources */ = {isa = PBXBuildFile; fileRef = D7ED6ABE1D944858003C5E20 /* HEVAViewController.m */; };
		D7ED6AC21D944869003C5E20 /* DAViewController.m in Sources */ = {isa = PBXBuildFile; fileRef = D7ED6AC11D944869003C5E20 /* DAViewController.m */; };
/* End PBXBuildFile section */

/* Begin PBXFileReference section */
		2BE3A304765095CA6778724A /* Pods-LexusApp.debug.xcconfig */ = {isa = PBXFileReference; includeInIndex = 1; lastKnownFileType = text.xcconfig; name = "Pods-LexusApp.debug.xcconfig"; path = "Pods/Target Support Files/Pods-LexusApp/Pods-LexusApp.debug.xcconfig"; sourceTree = "<group>"; };
		39F2875D6C2EFF83963AD488 /* Pods-LexusApp.release.xcconfig */ = {isa = PBXFileReference; includeInIndex = 1; lastKnownFileType = text.xcconfig; name = "Pods-LexusApp.release.xcconfig"; path = "Pods/Target Support Files/Pods-LexusApp/Pods-LexusApp.release.xcconfig"; sourceTree = "<group>"; };
		6C19653DC28963C1222D433F /* Pods_LexusApp.framework */ = {isa = PBXFileReference; explicitFileType = wrapper.framework; includeInIndex = 0; path = Pods_LexusApp.framework; sourceTree = BUILT_PRODUCTS_DIR; };
		D71A4FC91D8AE9950053E98C /* NetworkingManager.h */ = {isa = PBXFileReference; fileEncoding = 4; lastKnownFileType = sourcecode.c.h; path = NetworkingManager.h; sourceTree = "<group>"; };
		D71A4FCA1D8AE9950053E98C /* NetworkingManager.m */ = {isa = PBXFileReference; fileEncoding = 4; lastKnownFileType = sourcecode.c.objc; path = NetworkingManager.m; sourceTree = "<group>"; };
		D71A4FCC1D8AF02F0053E98C /* BaseModel.h */ = {isa = PBXFileReference; fileEncoding = 4; lastKnownFileType = sourcecode.c.h; path = BaseModel.h; sourceTree = "<group>"; };
		D71A4FCD1D8AF02F0053E98C /* BaseModel.m */ = {isa = PBXFileReference; fileEncoding = 4; lastKnownFileType = sourcecode.c.objc; path = BaseModel.m; sourceTree = "<group>"; };
		D71A4FCF1D8AF4930053E98C /* HintView.h */ = {isa = PBXFileReference; fileEncoding = 4; lastKnownFileType = sourcecode.c.h; path = HintView.h; sourceTree = "<group>"; };
		D71A4FD01D8AF4930053E98C /* HintView.m */ = {isa = PBXFileReference; fileEncoding = 4; lastKnownFileType = sourcecode.c.objc; path = HintView.m; sourceTree = "<group>"; };
		D71A4FD41D8E91B70053E98C /* LocalUserManager.h */ = {isa = PBXFileReference; fileEncoding = 4; lastKnownFileType = sourcecode.c.h; path = LocalUserManager.h; sourceTree = "<group>"; };
		D71A4FD51D8E91B70053E98C /* LocalUserManager.m */ = {isa = PBXFileReference; fileEncoding = 4; lastKnownFileType = sourcecode.c.objc; path = LocalUserManager.m; sourceTree = "<group>"; };
		D728D6271D8FF577000C2203 /* testVideo.mp4 */ = {isa = PBXFileReference; lastKnownFileType = file; path = testVideo.mp4; sourceTree = "<group>"; };
		D728D6291D9043DC000C2203 /* CustomHintViewController.h */ = {isa = PBXFileReference; fileEncoding = 4; lastKnownFileType = sourcecode.c.h; path = CustomHintViewController.h; sourceTree = "<group>"; };
		D728D62A1D9043DC000C2203 /* CustomHintViewController.m */ = {isa = PBXFileReference; fileEncoding = 4; lastKnownFileType = sourcecode.c.objc; path = CustomHintViewController.m; sourceTree = "<group>"; };
		D728D62B1D9043DC000C2203 /* CustomHintViewController.xib */ = {isa = PBXFileReference; fileEncoding = 4; lastKnownFileType = file.xib; path = CustomHintViewController.xib; sourceTree = "<group>"; };
		D728D67E1D90E500000C2203 /* CarCategoreManager.h */ = {isa = PBXFileReference; fileEncoding = 4; lastKnownFileType = sourcecode.c.h; path = CarCategoreManager.h; sourceTree = "<group>"; };
		D728D67F1D90E501000C2203 /* CarCategoreManager.m */ = {isa = PBXFileReference; fileEncoding = 4; lastKnownFileType = sourcecode.c.objc; path = CarCategoreManager.m; sourceTree = "<group>"; };
		D728D6A41D919100000C2203 /* CarCategore.plist */ = {isa = PBXFileReference; fileEncoding = 4; lastKnownFileType = text.plist.xml; path = CarCategore.plist; sourceTree = "<group>"; };
		D728D6A61D922DBE000C2203 /* CustomTools.h */ = {isa = PBXFileReference; fileEncoding = 4; lastKnownFileType = sourcecode.c.h; path = CustomTools.h; sourceTree = "<group>"; };
		D728D6A71D922DBE000C2203 /* CustomTools.m */ = {isa = PBXFileReference; fileEncoding = 4; lastKnownFileType = sourcecode.c.objc; path = CustomTools.m; sourceTree = "<group>"; };
		D728D6A91D9232DD000C2203 /* CustomLoginCtrl.h */ = {isa = PBXFileReference; fileEncoding = 4; lastKnownFileType = sourcecode.c.h; path = CustomLoginCtrl.h; sourceTree = "<group>"; };
		D728D6AA1D9232DD000C2203 /* CustomLoginCtrl.m */ = {isa = PBXFileReference; fileEncoding = 4; lastKnownFileType = sourcecode.c.objc; path = CustomLoginCtrl.m; sourceTree = "<group>"; };
		D75AE0631D7BE5DA006685AE /* FMSelectKmViewController.h */ = {isa = PBXFileReference; fileEncoding = 4; lastKnownFileType = sourcecode.c.h; path = FMSelectKmViewController.h; sourceTree = "<group>"; };
		D75AE0641D7BE5DA006685AE /* FMSelectKmViewController.m */ = {isa = PBXFileReference; fileEncoding = 4; lastKnownFileType = sourcecode.c.objc; path = FMSelectKmViewController.m; sourceTree = "<group>"; };
		D75AE0661D7BEF9B006685AE /* FMDetailViewController.h */ = {isa = PBXFileReference; fileEncoding = 4; lastKnownFileType = sourcecode.c.h; path = FMDetailViewController.h; sourceTree = "<group>"; };
		D75AE0671D7BEF9B006685AE /* FMDetailViewController.m */ = {isa = PBXFileReference; fileEncoding = 4; lastKnownFileType = sourcecode.c.objc; path = FMDetailViewController.m; sourceTree = "<group>"; };
		D75AE06A1D7D2223006685AE /* FMDetailCheckView.h */ = {isa = PBXFileReference; fileEncoding = 4; lastKnownFileType = sourcecode.c.h; path = FMDetailCheckView.h; sourceTree = "<group>"; };
		D75AE06B1D7D2223006685AE /* FMDetailCheckView.m */ = {isa = PBXFileReference; fileEncoding = 4; lastKnownFileType = sourcecode.c.objc; path = FMDetailCheckView.m; sourceTree = "<group>"; };
		D75AE06D1D7D223C006685AE /* FMDetailChangeView.h */ = {isa = PBXFileReference; fileEncoding = 4; lastKnownFileType = sourcecode.c.h; path = FMDetailChangeView.h; sourceTree = "<group>"; };
		D75AE06E1D7D223C006685AE /* FMDetailChangeView.m */ = {isa = PBXFileReference; fileEncoding = 4; lastKnownFileType = sourcecode.c.objc; path = FMDetailChangeView.m; sourceTree = "<group>"; };
		D75AE0701D7D3CE8006685AE /* FMDetailChangeShowView.h */ = {isa = PBXFileReference; fileEncoding = 4; lastKnownFileType = sourcecode.c.h; path = FMDetailChangeShowView.h; sourceTree = "<group>"; };
		D75AE0711D7D3CE8006685AE /* FMDetailChangeShowView.m */ = {isa = PBXFileReference; fileEncoding = 4; lastKnownFileType = sourcecode.c.objc; path = FMDetailChangeShowView.m; sourceTree = "<group>"; };
		D75AE0731D7D3F58006685AE /* FMDetailChangeTableViewCell.h */ = {isa = PBXFileReference; fileEncoding = 4; lastKnownFileType = sourcecode.c.h; path = FMDetailChangeTableViewCell.h; sourceTree = "<group>"; };
		D75AE0741D7D3F58006685AE /* FMDetailChangeTableViewCell.m */ = {isa = PBXFileReference; fileEncoding = 4; lastKnownFileType = sourcecode.c.objc; path = FMDetailChangeTableViewCell.m; sourceTree = "<group>"; };
		D75AE0751D7D3F58006685AE /* FMDetailChangeTableViewCell.xib */ = {isa = PBXFileReference; fileEncoding = 4; lastKnownFileType = file.xib; path = FMDetailChangeTableViewCell.xib; sourceTree = "<group>"; };
		D75AE0781D7D4A43006685AE /* UILabel+AttributedString.h */ = {isa = PBXFileReference; fileEncoding = 4; lastKnownFileType = sourcecode.c.h; path = "UILabel+AttributedString.h"; sourceTree = "<group>"; };
		D75AE0791D7D4A43006685AE /* UILabel+AttributedString.m */ = {isa = PBXFileReference; fileEncoding = 4; lastKnownFileType = sourcecode.c.objc; path = "UILabel+AttributedString.m"; sourceTree = "<group>"; };
		D75AE07C1D7D8825006685AE /* LoginViewController.h */ = {isa = PBXFileReference; fileEncoding = 4; lastKnownFileType = sourcecode.c.h; path = LoginViewController.h; sourceTree = "<group>"; };
		D75AE07D1D7D8825006685AE /* LoginViewController.m */ = {isa = PBXFileReference; fileEncoding = 4; lastKnownFileType = sourcecode.c.objc; path = LoginViewController.m; sourceTree = "<group>"; };
		D75AE0911D7EA83D006685AE /* UILabel+ChangeDefaultFont.h */ = {isa = PBXFileReference; fileEncoding = 4; lastKnownFileType = sourcecode.c.h; path = "UILabel+ChangeDefaultFont.h"; sourceTree = "<group>"; };
		D75AE0921D7EA83D006685AE /* UILabel+ChangeDefaultFont.m */ = {isa = PBXFileReference; fileEncoding = 4; lastKnownFileType = sourcecode.c.objc; path = "UILabel+ChangeDefaultFont.m"; sourceTree = "<group>"; };
		D75AE0981D7EAA3C006685AE /* Lexus_jiancuhei.TTF */ = {isa = PBXFileReference; lastKnownFileType = file; path = Lexus_jiancuhei.TTF; sourceTree = "<group>"; };
		D75AE0991D7EAA3C006685AE /* Lexus_jianhei.TTF */ = {isa = PBXFileReference; lastKnownFileType = file; path = Lexus_jianhei.TTF; sourceTree = "<group>"; };
		D75AE09A1D7EAA3C006685AE /* Lexus_jianzhengxian.TTF */ = {isa = PBXFileReference; lastKnownFileType = file; path = Lexus_jianzhengxian.TTF; sourceTree = "<group>"; };
		D75AE09B1D7EAA3C006685AE /* Lexus_jianzhonghei.TTF */ = {isa = PBXFileReference; lastKnownFileType = file; path = Lexus_jianzhonghei.TTF; sourceTree = "<group>"; };
		D75AE0A41D7EBD60006685AE /* UserIconItemView.h */ = {isa = PBXFileReference; fileEncoding = 4; lastKnownFileType = sourcecode.c.h; path = UserIconItemView.h; sourceTree = "<group>"; };
		D75AE0A51D7EBD60006685AE /* UserIconItemView.m */ = {isa = PBXFileReference; fileEncoding = 4; lastKnownFileType = sourcecode.c.objc; path = UserIconItemView.m; sourceTree = "<group>"; };
		D75AE0A81D7EC098006685AE /* UserModel.h */ = {isa = PBXFileReference; fileEncoding = 4; lastKnownFileType = sourcecode.c.h; path = UserModel.h; sourceTree = "<group>"; };
		D75AE0A91D7EC098006685AE /* UserModel.m */ = {isa = PBXFileReference; fileEncoding = 4; lastKnownFileType = sourcecode.c.objc; path = UserModel.m; sourceTree = "<group>"; };
		D75AE0AC1D7FE2F6006685AE /* StudyUnlockViewController.h */ = {isa = PBXFileReference; fileEncoding = 4; lastKnownFileType = sourcecode.c.h; path = StudyUnlockViewController.h; sourceTree = "<group>"; };
		D75AE0AD1D7FE2F6006685AE /* StudyUnlockViewController.m */ = {isa = PBXFileReference; fileEncoding = 4; lastKnownFileType = sourcecode.c.objc; path = StudyUnlockViewController.m; sourceTree = "<group>"; };
		D75AE0AF1D7FE5B6006685AE /* GestureUnlockView.h */ = {isa = PBXFileReference; fileEncoding = 4; lastKnownFileType = sourcecode.c.h; path = GestureUnlockView.h; sourceTree = "<group>"; };
		D75AE0B01D7FE5B6006685AE /* GestureUnlockView.m */ = {isa = PBXFileReference; fileEncoding = 4; lastKnownFileType = sourcecode.c.objc; path = GestureUnlockView.m; sourceTree = "<group>"; };
		D75AE0B51D7FE89C006685AE /* GestureModel.h */ = {isa = PBXFileReference; fileEncoding = 4; lastKnownFileType = sourcecode.c.h; path = GestureModel.h; sourceTree = "<group>"; };
		D75AE0B61D7FE89C006685AE /* GestureModel.m */ = {isa = PBXFileReference; fileEncoding = 4; lastKnownFileType = sourcecode.c.objc; path = GestureModel.m; sourceTree = "<group>"; };
		D75AE0B81D800BF1006685AE /* StudyDetailViewController.h */ = {isa = PBXFileReference; fileEncoding = 4; lastKnownFileType = sourcecode.c.h; path = StudyDetailViewController.h; sourceTree = "<group>"; };
		D75AE0B91D800BF1006685AE /* StudyDetailViewController.m */ = {isa = PBXFileReference; fileEncoding = 4; lastKnownFileType = sourcecode.c.objc; path = StudyDetailViewController.m; sourceTree = "<group>"; };
		D75AE0BB1D8047E8006685AE /* UserManager.h */ = {isa = PBXFileReference; fileEncoding = 4; lastKnownFileType = sourcecode.c.h; path = UserManager.h; sourceTree = "<group>"; };
		D75AE0BC1D8047E8006685AE /* UserManager.m */ = {isa = PBXFileReference; fileEncoding = 4; lastKnownFileType = sourcecode.c.objc; path = UserManager.m; sourceTree = "<group>"; };
		D75AE0BE1D806297006685AE /* StudyListModel.h */ = {isa = PBXFileReference; fileEncoding = 4; lastKnownFileType = sourcecode.c.h; path = StudyListModel.h; sourceTree = "<group>"; };
		D75AE0BF1D806297006685AE /* StudyListModel.m */ = {isa = PBXFileReference; fileEncoding = 4; lastKnownFileType = sourcecode.c.objc; path = StudyListModel.m; sourceTree = "<group>"; };
		D75AE0C41D80634F006685AE /* StudyListTableViewCell.h */ = {isa = PBXFileReference; fileEncoding = 4; lastKnownFileType = sourcecode.c.h; path = StudyListTableViewCell.h; sourceTree = "<group>"; };
		D75AE0C51D80634F006685AE /* StudyListTableViewCell.m */ = {isa = PBXFileReference; fileEncoding = 4; lastKnownFileType = sourcecode.c.objc; path = StudyListTableViewCell.m; sourceTree = "<group>"; };
		D75AE0C61D80634F006685AE /* StudyListTableViewCell.xib */ = {isa = PBXFileReference; fileEncoding = 4; lastKnownFileType = file.xib; path = StudyListTableViewCell.xib; sourceTree = "<group>"; };
		D75AE0C91D817E21006685AE /* StudyMainView.h */ = {isa = PBXFileReference; fileEncoding = 4; lastKnownFileType = sourcecode.c.h; path = StudyMainView.h; sourceTree = "<group>"; };
		D75AE0CA1D817E21006685AE /* StudyMainView.m */ = {isa = PBXFileReference; fileEncoding = 4; lastKnownFileType = sourcecode.c.objc; path = StudyMainView.m; sourceTree = "<group>"; };
		D77C9CC91D89354A00DE0C32 /* CarSelectedItemView.h */ = {isa = PBXFileReference; fileEncoding = 4; lastKnownFileType = sourcecode.c.h; path = CarSelectedItemView.h; sourceTree = "<group>"; };
		D77C9CCA1D89354A00DE0C32 /* CarSelectedItemView.m */ = {isa = PBXFileReference; fileEncoding = 4; lastKnownFileType = sourcecode.c.objc; path = CarSelectedItemView.m; sourceTree = "<group>"; };
		D7DFC1A31D754A3B007A6D0C /* LexusApp.app */ = {isa = PBXFileReference; explicitFileType = wrapper.application; includeInIndex = 0; path = LexusApp.app; sourceTree = BUILT_PRODUCTS_DIR; };
		D7DFC1A71D754A3B007A6D0C /* main.m */ = {isa = PBXFileReference; lastKnownFileType = sourcecode.c.objc; path = main.m; sourceTree = "<group>"; };
		D7DFC1A91D754A3B007A6D0C /* AppDelegate.h */ = {isa = PBXFileReference; lastKnownFileType = sourcecode.c.h; path = AppDelegate.h; sourceTree = "<group>"; };
		D7DFC1AA1D754A3B007A6D0C /* AppDelegate.m */ = {isa = PBXFileReference; lastKnownFileType = sourcecode.c.objc; path = AppDelegate.m; sourceTree = "<group>"; };
		D7DFC1AC1D754A3B007A6D0C /* ViewController.h */ = {isa = PBXFileReference; lastKnownFileType = sourcecode.c.h; path = ViewController.h; sourceTree = "<group>"; };
		D7DFC1AD1D754A3B007A6D0C /* ViewController.m */ = {isa = PBXFileReference; lastKnownFileType = sourcecode.c.objc; path = ViewController.m; sourceTree = "<group>"; };
		D7DFC1B01D754A3B007A6D0C /* Base */ = {isa = PBXFileReference; lastKnownFileType = file.storyboard; name = Base; path = Base.lproj/Main.storyboard; sourceTree = "<group>"; };
		D7DFC1B21D754A3B007A6D0C /* Assets.xcassets */ = {isa = PBXFileReference; lastKnownFileType = folder.assetcatalog; path = Assets.xcassets; sourceTree = "<group>"; };
		D7DFC1B51D754A3B007A6D0C /* Base */ = {isa = PBXFileReference; lastKnownFileType = file.storyboard; name = Base; path = Base.lproj/LaunchScreen.storyboard; sourceTree = "<group>"; };
		D7DFC1B71D754A3B007A6D0C /* Info.plist */ = {isa = PBXFileReference; lastKnownFileType = text.plist.xml; path = Info.plist; sourceTree = "<group>"; };
		D7DFC1C21D754B76007A6D0C /* AccelerometerManager.h */ = {isa = PBXFileReference; fileEncoding = 4; lastKnownFileType = sourcecode.c.h; path = AccelerometerManager.h; sourceTree = "<group>"; };
		D7DFC1C31D754B76007A6D0C /* AccelerometerManager.m */ = {isa = PBXFileReference; fileEncoding = 4; lastKnownFileType = sourcecode.c.objc; path = AccelerometerManager.m; sourceTree = "<group>"; };
		D7DFC1C51D754CAA007A6D0C /* BaseViewController.h */ = {isa = PBXFileReference; fileEncoding = 4; lastKnownFileType = sourcecode.c.h; path = BaseViewController.h; sourceTree = "<group>"; };
		D7DFC1C61D754CAA007A6D0C /* BaseViewController.m */ = {isa = PBXFileReference; fileEncoding = 4; lastKnownFileType = sourcecode.c.objc; path = BaseViewController.m; sourceTree = "<group>"; };
		D7DFC1CA1D754EE9007A6D0C /* PrefixHeader.pch */ = {isa = PBXFileReference; lastKnownFileType = sourcecode.c.h; path = PrefixHeader.pch; sourceTree = "<group>"; };
		D7DFC1CE1D76D0F5007A6D0C /* NSArray+sortBy.h */ = {isa = PBXFileReference; fileEncoding = 4; lastKnownFileType = sourcecode.c.h; path = "NSArray+sortBy.h"; sourceTree = "<group>"; };
		D7DFC1CF1D76D0F5007A6D0C /* NSArray+sortBy.m */ = {isa = PBXFileReference; fileEncoding = 4; lastKnownFileType = sourcecode.c.objc; path = "NSArray+sortBy.m"; sourceTree = "<group>"; };
		D7DFC1D01D76D0F5007A6D0C /* NSDate+TodayZeroClock.h */ = {isa = PBXFileReference; fileEncoding = 4; lastKnownFileType = sourcecode.c.h; path = "NSDate+TodayZeroClock.h"; sourceTree = "<group>"; };
		D7DFC1D11D76D0F5007A6D0C /* NSDate+TodayZeroClock.m */ = {isa = PBXFileReference; fileEncoding = 4; lastKnownFileType = sourcecode.c.objc; path = "NSDate+TodayZeroClock.m"; sourceTree = "<group>"; };
		D7DFC1D21D76D0F5007A6D0C /* NSObject+ValueOfStringOrNull.h */ = {isa = PBXFileReference; fileEncoding = 4; lastKnownFileType = sourcecode.c.h; path = "NSObject+ValueOfStringOrNull.h"; sourceTree = "<group>"; };
		D7DFC1D31D76D0F5007A6D0C /* NSObject+ValueOfStringOrNull.m */ = {isa = PBXFileReference; fileEncoding = 4; lastKnownFileType = sourcecode.c.objc; path = "NSObject+ValueOfStringOrNull.m"; sourceTree = "<group>"; };
		D7DFC1D41D76D0F5007A6D0C /* NSString+Valid.h */ = {isa = PBXFileReference; fileEncoding = 4; lastKnownFileType = sourcecode.c.h; path = "NSString+Valid.h"; sourceTree = "<group>"; };
		D7DFC1D51D76D0F5007A6D0C /* NSString+Valid.m */ = {isa = PBXFileReference; fileEncoding = 4; lastKnownFileType = sourcecode.c.objc; path = "NSString+Valid.m"; sourceTree = "<group>"; };
		D7DFC1D61D76D0F5007A6D0C /* UIColor+Custom.h */ = {isa = PBXFileReference; fileEncoding = 4; lastKnownFileType = sourcecode.c.h; path = "UIColor+Custom.h"; sourceTree = "<group>"; };
		D7DFC1D71D76D0F5007A6D0C /* UIColor+Custom.m */ = {isa = PBXFileReference; fileEncoding = 4; lastKnownFileType = sourcecode.c.objc; path = "UIColor+Custom.m"; sourceTree = "<group>"; };
		D7DFC1D81D76D0F5007A6D0C /* UILabel+VerticalAlign.h */ = {isa = PBXFileReference; fileEncoding = 4; lastKnownFileType = sourcecode.c.h; path = "UILabel+VerticalAlign.h"; sourceTree = "<group>"; };
		D7DFC1D91D76D0F5007A6D0C /* UILabel+VerticalAlign.m */ = {isa = PBXFileReference; fileEncoding = 4; lastKnownFileType = sourcecode.c.objc; path = "UILabel+VerticalAlign.m"; sourceTree = "<group>"; };
		D7DFC1DA1D76D0F5007A6D0C /* UITextField+PlaceholderText.h */ = {isa = PBXFileReference; fileEncoding = 4; lastKnownFileType = sourcecode.c.h; path = "UITextField+PlaceholderText.h"; sourceTree = "<group>"; };
		D7DFC1DB1D76D0F5007A6D0C /* UITextField+PlaceholderText.m */ = {isa = PBXFileReference; fileEncoding = 4; lastKnownFileType = sourcecode.c.objc; path = "UITextField+PlaceholderText.m"; sourceTree = "<group>"; };
		D7DFC1DC1D76D0F5007A6D0C /* UIView+frameAdjust.h */ = {isa = PBXFileReference; fileEncoding = 4; lastKnownFileType = sourcecode.c.h; path = "UIView+frameAdjust.h"; sourceTree = "<group>"; };
		D7DFC1DD1D76D0F5007A6D0C /* UIView+frameAdjust.m */ = {isa = PBXFileReference; fileEncoding = 4; lastKnownFileType = sourcecode.c.objc; path = "UIView+frameAdjust.m"; sourceTree = "<group>"; };
		D7DFC1DE1D76D0F5007A6D0C /* UIViewController+BackBtnHandler.h */ = {isa = PBXFileReference; fileEncoding = 4; lastKnownFileType = sourcecode.c.h; path = "UIViewController+BackBtnHandler.h"; sourceTree = "<group>"; };
		D7DFC1DF1D76D0F5007A6D0C /* UIViewController+BackBtnHandler.m */ = {isa = PBXFileReference; fileEncoding = 4; lastKnownFileType = sourcecode.c.objc; path = "UIViewController+BackBtnHandler.m"; sourceTree = "<group>"; };
		D7DFC1F01D77ECAA007A6D0C /* FMSelectCarViewController.h */ = {isa = PBXFileReference; fileEncoding = 4; lastKnownFileType = sourcecode.c.h; path = FMSelectCarViewController.h; sourceTree = "<group>"; };
		D7DFC1F11D77ECAA007A6D0C /* FMSelectCarViewController.m */ = {isa = PBXFileReference; fileEncoding = 4; lastKnownFileType = sourcecode.c.objc; path = FMSelectCarViewController.m; sourceTree = "<group>"; };
		D7DFC1F51D7954B4007A6D0C /* CustomTabbarViewController.h */ = {isa = PBXFileReference; fileEncoding = 4; lastKnownFileType = sourcecode.c.h; path = CustomTabbarViewController.h; sourceTree = "<group>"; };
		D7DFC1F61D7954B4007A6D0C /* CustomTabbarViewController.m */ = {isa = PBXFileReference; fileEncoding = 4; lastKnownFileType = sourcecode.c.objc; path = CustomTabbarViewController.m; sourceTree = "<group>"; };
		D7ECB1541D97C618004BD11F /* ChangeImageList.plist */ = {isa = PBXFileReference; fileEncoding = 4; lastKnownFileType = text.plist.xml; path = ChangeImageList.plist; sourceTree = "<group>"; };
		D7ED6ABA1D944847003C5E20 /* EWPViewController.h */ = {isa = PBXFileReference; fileEncoding = 4; lastKnownFileType = sourcecode.c.h; path = EWPViewController.h; sourceTree = "<group>"; };
		D7ED6ABB1D944847003C5E20 /* EWPViewController.m */ = {isa = PBXFileReference; fileEncoding = 4; lastKnownFileType = sourcecode.c.objc; path = EWPViewController.m; sourceTree = "<group>"; };
		D7ED6ABD1D944858003C5E20 /* HEVAViewController.h */ = {isa = PBXFileReference; fileEncoding = 4; lastKnownFileType = sourcecode.c.h; path = HEVAViewController.h; sourceTree = "<group>"; };
		D7ED6ABE1D944858003C5E20 /* HEVAViewController.m */ = {isa = PBXFileReference; fileEncoding = 4; lastKnownFileType = sourcecode.c.objc; path = HEVAViewController.m; sourceTree = "<group>"; };
		D7ED6AC01D944869003C5E20 /* DAViewController.h */ = {isa = PBXFileReference; fileEncoding = 4; lastKnownFileType = sourcecode.c.h; path = DAViewController.h; sourceTree = "<group>"; };
		D7ED6AC11D944869003C5E20 /* DAViewController.m */ = {isa = PBXFileReference; fileEncoding = 4; lastKnownFileType = sourcecode.c.objc; path = DAViewController.m; sourceTree = "<group>"; };
/* End PBXFileReference section */

/* Begin PBXFrameworksBuildPhase section */
		D7DFC1A01D754A3B007A6D0C /* Frameworks */ = {
			isa = PBXFrameworksBuildPhase;
			buildActionMask = 2147483647;
			files = (
				3F6B9BC790F8A96142E9C1CA /* Pods_LexusApp.framework in Frameworks */,
			);
			runOnlyForDeploymentPostprocessing = 0;
		};
/* End PBXFrameworksBuildPhase section */

/* Begin PBXGroup section */
		0B8030AA9C107204D527B57F /* Frameworks */ = {
			isa = PBXGroup;
			children = (
				6C19653DC28963C1222D433F /* Pods_LexusApp.framework */,
			);
			name = Frameworks;
			sourceTree = "<group>";
		};
		D71A4FC81D8AE9730053E98C /* NetworkingManager */ = {
			isa = PBXGroup;
			children = (
				D71A4FC91D8AE9950053E98C /* NetworkingManager.h */,
				D71A4FCA1D8AE9950053E98C /* NetworkingManager.m */,
			);
			name = NetworkingManager;
			sourceTree = "<group>";
		};
		D71A4FD21D8AF4990053E98C /* HintView */ = {
			isa = PBXGroup;
			children = (
				D71A4FCF1D8AF4930053E98C /* HintView.h */,
				D71A4FD01D8AF4930053E98C /* HintView.m */,
				D728D6291D9043DC000C2203 /* CustomHintViewController.h */,
				D728D62A1D9043DC000C2203 /* CustomHintViewController.m */,
				D728D62B1D9043DC000C2203 /* CustomHintViewController.xib */,
			);
			name = HintView;
			sourceTree = "<group>";
		};
		D71A4FD31D8E91860053E98C /* LocalUserManager */ = {
			isa = PBXGroup;
			children = (
				D71A4FD41D8E91B70053E98C /* LocalUserManager.h */,
				D71A4FD51D8E91B70053E98C /* LocalUserManager.m */,
			);
			name = LocalUserManager;
			sourceTree = "<group>";
		};
		D728D6261D8FF577000C2203 /* Video */ = {
			isa = PBXGroup;
			children = (
				D728D6271D8FF577000C2203 /* testVideo.mp4 */,
			);
			path = Video;
			sourceTree = "<group>";
		};
		D728D67D1D90E4D5000C2203 /* CarCategoreManager */ = {
			isa = PBXGroup;
			children = (
				D728D67E1D90E500000C2203 /* CarCategoreManager.h */,
				D728D67F1D90E501000C2203 /* CarCategoreManager.m */,
			);
			name = CarCategoreManager;
			sourceTree = "<group>";
		};
		D75AE0691D7D21E4006685AE /* FMDetailViews */ = {
			isa = PBXGroup;
			children = (
				D75AE06A1D7D2223006685AE /* FMDetailCheckView.h */,
				D75AE06B1D7D2223006685AE /* FMDetailCheckView.m */,
				D75AE06D1D7D223C006685AE /* FMDetailChangeView.h */,
				D75AE06E1D7D223C006685AE /* FMDetailChangeView.m */,
				D75AE0701D7D3CE8006685AE /* FMDetailChangeShowView.h */,
				D75AE0711D7D3CE8006685AE /* FMDetailChangeShowView.m */,
				D75AE0731D7D3F58006685AE /* FMDetailChangeTableViewCell.h */,
				D75AE0741D7D3F58006685AE /* FMDetailChangeTableViewCell.m */,
				D75AE0751D7D3F58006685AE /* FMDetailChangeTableViewCell.xib */,
			);
			name = FMDetailViews;
			sourceTree = "<group>";
		};
		D75AE07B1D7D87F5006685AE /* 5.LoginViewController */ = {
			isa = PBXGroup;
			children = (
				D75AE07C1D7D8825006685AE /* LoginViewController.h */,
				D75AE07D1D7D8825006685AE /* LoginViewController.m */,
				D75AE0A41D7EBD60006685AE /* UserIconItemView.h */,
				D75AE0A51D7EBD60006685AE /* UserIconItemView.m */,
			);
			name = 5.LoginViewController;
			sourceTree = "<group>";
		};
		D75AE07F1D7E913B006685AE /* resouce */ = {
			isa = PBXGroup;
			children = (
				D7ECB1531D97BEF6004BD11F /* Cars */,
				D728D6261D8FF577000C2203 /* Video */,
				D75AE0801D7E913B006685AE /* Font */,
				D728D6A41D919100000C2203 /* CarCategore.plist */,
				D7ECB1541D97C618004BD11F /* ChangeImageList.plist */,
			);
			path = resouce;
			sourceTree = "<group>";
		};
		D75AE0801D7E913B006685AE /* Font */ = {
			isa = PBXGroup;
			children = (
				D75AE0981D7EAA3C006685AE /* Lexus_jiancuhei.TTF */,
				D75AE0991D7EAA3C006685AE /* Lexus_jianhei.TTF */,
				D75AE09A1D7EAA3C006685AE /* Lexus_jianzhengxian.TTF */,
				D75AE09B1D7EAA3C006685AE /* Lexus_jianzhonghei.TTF */,
			);
			path = Font;
			sourceTree = "<group>";
		};
		D75AE0A71D7EC07A006685AE /* Models */ = {
			isa = PBXGroup;
			children = (
				D772AE8A1D92F5B400CB026F /* StudyListModel */,
				D75AE0A81D7EC098006685AE /* UserModel.h */,
				D75AE0A91D7EC098006685AE /* UserModel.m */,
				D75AE0B51D7FE89C006685AE /* GestureModel.h */,
				D75AE0B61D7FE89C006685AE /* GestureModel.m */,
				D71A4FCC1D8AF02F0053E98C /* BaseModel.h */,
				D71A4FCD1D8AF02F0053E98C /* BaseModel.m */,
			);
			name = Models;
			sourceTree = "<group>";
		};
		D75AE0AB1D7FE2B5006685AE /* 6.StudyViewController */ = {
			isa = PBXGroup;
			children = (
				D75AE0AC1D7FE2F6006685AE /* StudyUnlockViewController.h */,
				D75AE0AD1D7FE2F6006685AE /* StudyUnlockViewController.m */,
				D75AE0B81D800BF1006685AE /* StudyDetailViewController.h */,
				D75AE0B91D800BF1006685AE /* StudyDetailViewController.m */,
				D75AE0C41D80634F006685AE /* StudyListTableViewCell.h */,
				D75AE0C51D80634F006685AE /* StudyListTableViewCell.m */,
				D75AE0C61D80634F006685AE /* StudyListTableViewCell.xib */,
				D75AE0C91D817E21006685AE /* StudyMainView.h */,
				D75AE0CA1D817E21006685AE /* StudyMainView.m */,
			);
			name = 6.StudyViewController;
			sourceTree = "<group>";
		};
		D772AE8A1D92F5B400CB026F /* StudyListModel */ = {
			isa = PBXGroup;
			children = (
				D75AE0BE1D806297006685AE /* StudyListModel.h */,
				D75AE0BF1D806297006685AE /* StudyListModel.m */,
			);
			name = StudyListModel;
			sourceTree = "<group>";
		};
		D7DFC19A1D754A3A007A6D0C = {
			isa = PBXGroup;
			children = (
				D7DFC1A51D754A3B007A6D0C /* LexusApp */,
				D7DFC1A41D754A3B007A6D0C /* Products */,
				EE4905701FB04AEC04DD6B13 /* Pods */,
				0B8030AA9C107204D527B57F /* Frameworks */,
			);
			sourceTree = "<group>";
		};
		D7DFC1A41D754A3B007A6D0C /* Products */ = {
			isa = PBXGroup;
			children = (
				D7DFC1A31D754A3B007A6D0C /* LexusApp.app */,
			);
			name = Products;
			sourceTree = "<group>";
		};
		D7DFC1A51D754A3B007A6D0C /* LexusApp */ = {
			isa = PBXGroup;
			children = (
				D7DFC1F41D79548E007A6D0C /* 0.CustomTabbarViewController */,
				D7DFC1E91D77EB82007A6D0C /* 1.Free_maintenance */,
				D7DFC1EA1D77EBB6007A6D0C /* 2.Dealer_activities */,
				D7DFC1EB1D77EBD8007A6D0C /* 3.Extended_warranty_policy */,
				D7DFC1EC1D77EBE7007A6D0C /* 4.HEV_advatage */,
				D75AE07B1D7D87F5006685AE /* 5.LoginViewController */,
				D75AE0AB1D7FE2B5006685AE /* 6.StudyViewController */,
				D7DFC1A91D754A3B007A6D0C /* AppDelegate.h */,
				D7DFC1AA1D754A3B007A6D0C /* AppDelegate.m */,
				D7DFC1AC1D754A3B007A6D0C /* ViewController.h */,
				D7DFC1AD1D754A3B007A6D0C /* ViewController.m */,
				D7DFC1AF1D754A3B007A6D0C /* Main.storyboard */,
				D7DFC1B21D754A3B007A6D0C /* Assets.xcassets */,
				D7DFC1B41D754A3B007A6D0C /* LaunchScreen.storyboard */,
				D7DFC1B71D754A3B007A6D0C /* Info.plist */,
				D75AE0A71D7EC07A006685AE /* Models */,
				D7DFC1C11D754B53007A6D0C /* Common */,
				D7DFC1CD1D76D0F5007A6D0C /* Category */,
				D75AE07F1D7E913B006685AE /* resouce */,
				D7DFC1A61D754A3B007A6D0C /* Supporting Files */,
			);
			path = LexusApp;
			sourceTree = "<group>";
		};
		D7DFC1A61D754A3B007A6D0C /* Supporting Files */ = {
			isa = PBXGroup;
			children = (
				D7DFC1A71D754A3B007A6D0C /* main.m */,
				D7DFC1CA1D754EE9007A6D0C /* PrefixHeader.pch */,
			);
			name = "Supporting Files";
			sourceTree = "<group>";
		};
		D7DFC1C11D754B53007A6D0C /* Common */ = {
			isa = PBXGroup;
			children = (
				D728D6A61D922DBE000C2203 /* CustomTools.h */,
				D728D6A71D922DBE000C2203 /* CustomTools.m */,
				D728D67D1D90E4D5000C2203 /* CarCategoreManager */,
				D71A4FD31D8E91860053E98C /* LocalUserManager */,
				D71A4FD21D8AF4990053E98C /* HintView */,
				D71A4FC81D8AE9730053E98C /* NetworkingManager */,
				D7DFC1C21D754B76007A6D0C /* AccelerometerManager.h */,
				D7DFC1C31D754B76007A6D0C /* AccelerometerManager.m */,
				D7DFC1C51D754CAA007A6D0C /* BaseViewController.h */,
				D7DFC1C61D754CAA007A6D0C /* BaseViewController.m */,
				D75AE0AF1D7FE5B6006685AE /* GestureUnlockView.h */,
				D75AE0B01D7FE5B6006685AE /* GestureUnlockView.m */,
				D75AE0BB1D8047E8006685AE /* UserManager.h */,
				D75AE0BC1D8047E8006685AE /* UserManager.m */,
				D77C9CC91D89354A00DE0C32 /* CarSelectedItemView.h */,
				D77C9CCA1D89354A00DE0C32 /* CarSelectedItemView.m */,
				D728D6A91D9232DD000C2203 /* CustomLoginCtrl.h */,
				D728D6AA1D9232DD000C2203 /* CustomLoginCtrl.m */,
			);
			name = Common;
			sourceTree = "<group>";
		};
		D7DFC1CD1D76D0F5007A6D0C /* Category */ = {
			isa = PBXGroup;
			children = (
				D7DFC1CE1D76D0F5007A6D0C /* NSArray+sortBy.h */,
				D7DFC1CF1D76D0F5007A6D0C /* NSArray+sortBy.m */,
				D7DFC1D01D76D0F5007A6D0C /* NSDate+TodayZeroClock.h */,
				D7DFC1D11D76D0F5007A6D0C /* NSDate+TodayZeroClock.m */,
				D7DFC1D21D76D0F5007A6D0C /* NSObject+ValueOfStringOrNull.h */,
				D7DFC1D31D76D0F5007A6D0C /* NSObject+ValueOfStringOrNull.m */,
				D7DFC1D41D76D0F5007A6D0C /* NSString+Valid.h */,
				D7DFC1D51D76D0F5007A6D0C /* NSString+Valid.m */,
				D7DFC1D61D76D0F5007A6D0C /* UIColor+Custom.h */,
				D7DFC1D71D76D0F5007A6D0C /* UIColor+Custom.m */,
				D7DFC1D81D76D0F5007A6D0C /* UILabel+VerticalAlign.h */,
				D7DFC1D91D76D0F5007A6D0C /* UILabel+VerticalAlign.m */,
				D7DFC1DA1D76D0F5007A6D0C /* UITextField+PlaceholderText.h */,
				D7DFC1DB1D76D0F5007A6D0C /* UITextField+PlaceholderText.m */,
				D7DFC1DC1D76D0F5007A6D0C /* UIView+frameAdjust.h */,
				D7DFC1DD1D76D0F5007A6D0C /* UIView+frameAdjust.m */,
				D7DFC1DE1D76D0F5007A6D0C /* UIViewController+BackBtnHandler.h */,
				D7DFC1DF1D76D0F5007A6D0C /* UIViewController+BackBtnHandler.m */,
				D75AE0781D7D4A43006685AE /* UILabel+AttributedString.h */,
				D75AE0791D7D4A43006685AE /* UILabel+AttributedString.m */,
				D75AE0911D7EA83D006685AE /* UILabel+ChangeDefaultFont.h */,
				D75AE0921D7EA83D006685AE /* UILabel+ChangeDefaultFont.m */,
			);
			path = Category;
			sourceTree = "<group>";
		};
		D7DFC1E91D77EB82007A6D0C /* 1.Free_maintenance */ = {
			isa = PBXGroup;
			children = (
				D7DFC1F01D77ECAA007A6D0C /* FMSelectCarViewController.h */,
				D7DFC1F11D77ECAA007A6D0C /* FMSelectCarViewController.m */,
				D75AE0631D7BE5DA006685AE /* FMSelectKmViewController.h */,
				D75AE0641D7BE5DA006685AE /* FMSelectKmViewController.m */,
				D75AE0661D7BEF9B006685AE /* FMDetailViewController.h */,
				D75AE0671D7BEF9B006685AE /* FMDetailViewController.m */,
				D75AE0691D7D21E4006685AE /* FMDetailViews */,
			);
			name = 1.Free_maintenance;
			sourceTree = "<group>";
		};
		D7DFC1EA1D77EBB6007A6D0C /* 2.Dealer_activities */ = {
			isa = PBXGroup;
			children = (
				D7ED6AC01D944869003C5E20 /* DAViewController.h */,
				D7ED6AC11D944869003C5E20 /* DAViewController.m */,
			);
			name = 2.Dealer_activities;
			sourceTree = "<group>";
		};
		D7DFC1EB1D77EBD8007A6D0C /* 3.Extended_warranty_policy */ = {
			isa = PBXGroup;
			children = (
				D7ED6ABA1D944847003C5E20 /* EWPViewController.h */,
				D7ED6ABB1D944847003C5E20 /* EWPViewController.m */,
			);
			name = 3.Extended_warranty_policy;
			sourceTree = "<group>";
		};
		D7DFC1EC1D77EBE7007A6D0C /* 4.HEV_advatage */ = {
			isa = PBXGroup;
			children = (
				D7ED6ABD1D944858003C5E20 /* HEVAViewController.h */,
				D7ED6ABE1D944858003C5E20 /* HEVAViewController.m */,
			);
			name = 4.HEV_advatage;
			sourceTree = "<group>";
		};
		D7DFC1F41D79548E007A6D0C /* 0.CustomTabbarViewController */ = {
			isa = PBXGroup;
			children = (
				D7DFC1F51D7954B4007A6D0C /* CustomTabbarViewController.h */,
				D7DFC1F61D7954B4007A6D0C /* CustomTabbarViewController.m */,
			);
			name = 0.CustomTabbarViewController;
			sourceTree = "<group>";
		};
		D7ECB1531D97BEF6004BD11F /* Cars */ = {
			isa = PBXGroup;
			children = (
			);
			path = Cars;
			sourceTree = "<group>";
		};
		EE4905701FB04AEC04DD6B13 /* Pods */ = {
			isa = PBXGroup;
			children = (
				2BE3A304765095CA6778724A /* Pods-LexusApp.debug.xcconfig */,
				39F2875D6C2EFF83963AD488 /* Pods-LexusApp.release.xcconfig */,
			);
			name = Pods;
			sourceTree = "<group>";
		};
/* End PBXGroup section */

/* Begin PBXNativeTarget section */
		D7DFC1A21D754A3B007A6D0C /* LexusApp */ = {
			isa = PBXNativeTarget;
			buildConfigurationList = D7DFC1BA1D754A3B007A6D0C /* Build configuration list for PBXNativeTarget "LexusApp" */;
			buildPhases = (
				709B3C11819B84968CA06DC0 /* [CP] Check Pods Manifest.lock */,
				D7DFC19F1D754A3B007A6D0C /* Sources */,
				D7DFC1A01D754A3B007A6D0C /* Frameworks */,
				D7DFC1A11D754A3B007A6D0C /* Resources */,
				3306C50F13D24E503691EAF8 /* [CP] Embed Pods Frameworks */,
				FB8B4322B9F38E22C1481B8F /* [CP] Copy Pods Resources */,
			);
			buildRules = (
			);
			dependencies = (
			);
			name = LexusApp;
			productName = LexusApp;
			productReference = D7DFC1A31D754A3B007A6D0C /* LexusApp.app */;
			productType = "com.apple.product-type.application";
		};
/* End PBXNativeTarget section */

/* Begin PBXProject section */
		D7DFC19B1D754A3A007A6D0C /* Project object */ = {
			isa = PBXProject;
			attributes = {
				LastUpgradeCheck = 0800;
				ORGANIZATIONNAME = zxl;
				TargetAttributes = {
					D7DFC1A21D754A3B007A6D0C = {
						CreatedOnToolsVersion = 7.3.1;
						DevelopmentTeam = 68Q9UNJFRU;
						LastSwiftMigration = 0800;
					};
				};
			};
			buildConfigurationList = D7DFC19E1D754A3A007A6D0C /* Build configuration list for PBXProject "LexusApp" */;
			compatibilityVersion = "Xcode 3.2";
			developmentRegion = English;
			hasScannedForEncodings = 0;
			knownRegions = (
				en,
				Base,
			);
			mainGroup = D7DFC19A1D754A3A007A6D0C;
			productRefGroup = D7DFC1A41D754A3B007A6D0C /* Products */;
			projectDirPath = "";
			projectRoot = "";
			targets = (
				D7DFC1A21D754A3B007A6D0C /* LexusApp */,
			);
		};
/* End PBXProject section */

/* Begin PBXResourcesBuildPhase section */
		D7DFC1A11D754A3B007A6D0C /* Resources */ = {
			isa = PBXResourcesBuildPhase;
			buildActionMask = 2147483647;
			files = (
				D75AE09F1D7EAA3C006685AE /* Lexus_jianzhonghei.TTF in Resources */,
				D7ECB1551D97C618004BD11F /* ChangeImageList.plist in Resources */,
				D7DFC1B61D754A3B007A6D0C /* LaunchScreen.storyboard in Resources */,
				D728D6A51D919100000C2203 /* CarCategore.plist in Resources */,
				D75AE0C81D80634F006685AE /* StudyListTableViewCell.xib in Resources */,
				D728D62D1D9043DC000C2203 /* CustomHintViewController.xib in Resources */,
				D728D6281D8FF577000C2203 /* testVideo.mp4 in Resources */,
				D75AE09E1D7EAA3C006685AE /* Lexus_jianzhengxian.TTF in Resources */,
				D7DFC1B31D754A3B007A6D0C /* Assets.xcassets in Resources */,
				D75AE09C1D7EAA3C006685AE /* Lexus_jiancuhei.TTF in Resources */,
				D7DFC1B11D754A3B007A6D0C /* Main.storyboard in Resources */,
				D75AE0771D7D3F58006685AE /* FMDetailChangeTableViewCell.xib in Resources */,
				D75AE09D1D7EAA3C006685AE /* Lexus_jianhei.TTF in Resources */,
			);
			runOnlyForDeploymentPostprocessing = 0;
		};
/* End PBXResourcesBuildPhase section */

/* Begin PBXShellScriptBuildPhase section */
		3306C50F13D24E503691EAF8 /* [CP] Embed Pods Frameworks */ = {
			isa = PBXShellScriptBuildPhase;
			buildActionMask = 2147483647;
			files = (
			);
			inputPaths = (
			);
			name = "[CP] Embed Pods Frameworks";
			outputPaths = (
			);
			runOnlyForDeploymentPostprocessing = 0;
			shellPath = /bin/sh;
			shellScript = "\"${SRCROOT}/Pods/Target Support Files/Pods-LexusApp/Pods-LexusApp-frameworks.sh\"\n";
			showEnvVarsInLog = 0;
		};
		709B3C11819B84968CA06DC0 /* [CP] Check Pods Manifest.lock */ = {
			isa = PBXShellScriptBuildPhase;
			buildActionMask = 2147483647;
			files = (
			);
			inputPaths = (
			);
			name = "[CP] Check Pods Manifest.lock";
			outputPaths = (
			);
			runOnlyForDeploymentPostprocessing = 0;
			shellPath = /bin/sh;
			shellScript = "diff \"${PODS_ROOT}/../Podfile.lock\" \"${PODS_ROOT}/Manifest.lock\" > /dev/null\nif [[ $? != 0 ]] ; then\n    cat << EOM\nerror: The sandbox is not in sync with the Podfile.lock. Run 'pod install' or update your CocoaPods installation.\nEOM\n    exit 1\nfi\n";
			showEnvVarsInLog = 0;
		};
		FB8B4322B9F38E22C1481B8F /* [CP] Copy Pods Resources */ = {
			isa = PBXShellScriptBuildPhase;
			buildActionMask = 2147483647;
			files = (
			);
			inputPaths = (
			);
			name = "[CP] Copy Pods Resources";
			outputPaths = (
			);
			runOnlyForDeploymentPostprocessing = 0;
			shellPath = /bin/sh;
			shellScript = "\"${SRCROOT}/Pods/Target Support Files/Pods-LexusApp/Pods-LexusApp-resources.sh\"\n";
			showEnvVarsInLog = 0;
		};
/* End PBXShellScriptBuildPhase section */

/* Begin PBXSourcesBuildPhase section */
		D7DFC19F1D754A3B007A6D0C /* Sources */ = {
			isa = PBXSourcesBuildPhase;
			buildActionMask = 2147483647;
			files = (
				D75AE0CB1D817E22006685AE /* StudyMainView.m in Sources */,
				D75AE0BA1D800BF1006685AE /* StudyDetailViewController.m in Sources */,
				D75AE0A01D7EAA4D006685AE /* Lexus_jiancuhei.TTF in Sources */,
				D75AE0A11D7EAA4D006685AE /* Lexus_jianhei.TTF in Sources */,
				D75AE0A21D7EAA4D006685AE /* Lexus_jianzhengxian.TTF in Sources */,
				D728D6AB1D9232DD000C2203 /* CustomLoginCtrl.m in Sources */,
				D75AE0A61D7EBD60006685AE /* UserIconItemView.m in Sources */,
				D728D6A81D922DBE000C2203 /* CustomTools.m in Sources */,
				D75AE0A31D7EAA4D006685AE /* Lexus_jianzhonghei.TTF in Sources */,
				D75AE0651D7BE5DA006685AE /* FMSelectKmViewController.m in Sources */,
				D75AE0C71D80634F006685AE /* StudyListTableViewCell.m in Sources */,
				D77C9CCB1D89354A00DE0C32 /* CarSelectedItemView.m in Sources */,
				D7DFC1AE1D754A3B007A6D0C /* ViewController.m in Sources */,
				D75AE0B71D7FE89C006685AE /* GestureModel.m in Sources */,
				D728D6801D90E501000C2203 /* CarCategoreManager.m in Sources */,
				D7DFC1E21D76D0F5007A6D0C /* NSObject+ValueOfStringOrNull.m in Sources */,
				D7ED6AC21D944869003C5E20 /* DAViewController.m in Sources */,
				D75AE0BD1D8047E8006685AE /* UserManager.m in Sources */,
				D75AE0AE1D7FE2F6006685AE /* StudyUnlockViewController.m in Sources */,
				D75AE0931D7EA83D006685AE /* UILabel+ChangeDefaultFont.m in Sources */,
				D71A4FCB1D8AE9950053E98C /* NetworkingManager.m in Sources */,
				D7DFC1F21D77ECAA007A6D0C /* FMSelectCarViewController.m in Sources */,
				D75AE0681D7BEF9B006685AE /* FMDetailViewController.m in Sources */,
				D7DFC1C81D754CAA007A6D0C /* BaseViewController.m in Sources */,
				D7DFC1AB1D754A3B007A6D0C /* AppDelegate.m in Sources */,
				D75AE0761D7D3F58006685AE /* FMDetailChangeTableViewCell.m in Sources */,
				D75AE0AA1D7EC098006685AE /* UserModel.m in Sources */,
				D75AE07E1D7D8825006685AE /* LoginViewController.m in Sources */,
				D71A4FCE1D8AF02F0053E98C /* BaseModel.m in Sources */,
				D7DFC1E51D76D0F5007A6D0C /* UILabel+VerticalAlign.m in Sources */,
				D7DFC1E11D76D0F5007A6D0C /* NSDate+TodayZeroClock.m in Sources */,
				D7DFC1E01D76D0F5007A6D0C /* NSArray+sortBy.m in Sources */,
				D75AE0721D7D3CE8006685AE /* FMDetailChangeShowView.m in Sources */,
				D7ED6ABC1D944847003C5E20 /* EWPViewController.m in Sources */,
				D75AE06F1D7D223C006685AE /* FMDetailChangeView.m in Sources */,
				D728D62C1D9043DC000C2203 /* CustomHintViewController.m in Sources */,
				D7DFC1E41D76D0F5007A6D0C /* UIColor+Custom.m in Sources */,
				D7DFC1A81D754A3B007A6D0C /* main.m in Sources */,
				D7DFC1E81D76D0F5007A6D0C /* UIViewController+BackBtnHandler.m in Sources */,
				D7ED6ABF1D944858003C5E20 /* HEVAViewController.m in Sources */,
				D75AE06C1D7D2223006685AE /* FMDetailCheckView.m in Sources */,
				D7DFC1E31D76D0F5007A6D0C /* NSString+Valid.m in Sources */,
				D7DFC1E61D76D0F5007A6D0C /* UITextField+PlaceholderText.m in Sources */,
				D71A4FD11D8AF4930053E98C /* HintView.m in Sources */,
				D7DFC1F71D7954B4007A6D0C /* CustomTabbarViewController.m in Sources */,
				D71A4FD61D8E91B70053E98C /* LocalUserManager.m in Sources */,
				D75AE0B11D7FE5B6006685AE /* GestureUnlockView.m in Sources */,
				D7DFC1E71D76D0F5007A6D0C /* UIView+frameAdjust.m in Sources */,
				D75AE0C01D806297006685AE /* StudyListModel.m in Sources */,
				D7DFC1C41D754B76007A6D0C /* AccelerometerManager.m in Sources */,
				D75AE07A1D7D4A43006685AE /* UILabel+AttributedString.m in Sources */,
			);
			runOnlyForDeploymentPostprocessing = 0;
		};
/* End PBXSourcesBuildPhase section */

/* Begin PBXVariantGroup section */
		D7DFC1AF1D754A3B007A6D0C /* Main.storyboard */ = {
			isa = PBXVariantGroup;
			children = (
				D7DFC1B01D754A3B007A6D0C /* Base */,
			);
			name = Main.storyboard;
			sourceTree = "<group>";
		};
		D7DFC1B41D754A3B007A6D0C /* LaunchScreen.storyboard */ = {
			isa = PBXVariantGroup;
			children = (
				D7DFC1B51D754A3B007A6D0C /* Base */,
			);
			name = LaunchScreen.storyboard;
			sourceTree = "<group>";
		};
/* End PBXVariantGroup section */

/* Begin XCBuildConfiguration section */
		D7DFC1B81D754A3B007A6D0C /* Debug */ = {
			isa = XCBuildConfiguration;
			buildSettings = {
				ALWAYS_SEARCH_USER_PATHS = NO;
				CLANG_ANALYZER_NONNULL = YES;
				CLANG_CXX_LANGUAGE_STANDARD = "gnu++0x";
				CLANG_CXX_LIBRARY = "libc++";
				CLANG_ENABLE_MODULES = YES;
				CLANG_ENABLE_OBJC_ARC = YES;
				CLANG_WARN_BOOL_CONVERSION = YES;
				CLANG_WARN_CONSTANT_CONVERSION = YES;
				CLANG_WARN_DIRECT_OBJC_ISA_USAGE = YES_ERROR;
				CLANG_WARN_EMPTY_BODY = YES;
				CLANG_WARN_ENUM_CONVERSION = YES;
				CLANG_WARN_INFINITE_RECURSION = YES;
				CLANG_WARN_INT_CONVERSION = YES;
				CLANG_WARN_OBJC_ROOT_CLASS = YES_ERROR;
				CLANG_WARN_SUSPICIOUS_MOVE = YES;
				CLANG_WARN_UNREACHABLE_CODE = YES;
				CLANG_WARN__DUPLICATE_METHOD_MATCH = YES;
				"CODE_SIGN_IDENTITY[sdk=iphoneos*]" = "iPhone Developer";
				COPY_PHASE_STRIP = NO;
				DEBUG_INFORMATION_FORMAT = dwarf;
				ENABLE_STRICT_OBJC_MSGSEND = YES;
				ENABLE_TESTABILITY = YES;
				GCC_C_LANGUAGE_STANDARD = gnu99;
				GCC_DYNAMIC_NO_PIC = NO;
				GCC_NO_COMMON_BLOCKS = YES;
				GCC_OPTIMIZATION_LEVEL = 0;
				GCC_PREFIX_HEADER = "$(SRCROOT)/LexusApp/PrefixHeader.pch";
				GCC_PREPROCESSOR_DEFINITIONS = (
					"DEBUG=1",
					"$(inherited)",
				);
				GCC_WARN_64_TO_32_BIT_CONVERSION = YES;
				GCC_WARN_ABOUT_RETURN_TYPE = YES_ERROR;
				GCC_WARN_UNDECLARED_SELECTOR = YES;
				GCC_WARN_UNINITIALIZED_AUTOS = YES_AGGRESSIVE;
				GCC_WARN_UNUSED_FUNCTION = YES;
				GCC_WARN_UNUSED_VARIABLE = YES;
				IPHONEOS_DEPLOYMENT_TARGET = 9.3;
				MTL_ENABLE_DEBUG_INFO = YES;
				ONLY_ACTIVE_ARCH = YES;
				SDKROOT = iphoneos;
				TARGETED_DEVICE_FAMILY = 2;
			};
			name = Debug;
		};
		D7DFC1B91D754A3B007A6D0C /* Release */ = {
			isa = XCBuildConfiguration;
			buildSettings = {
				ALWAYS_SEARCH_USER_PATHS = NO;
				CLANG_ANALYZER_NONNULL = YES;
				CLANG_CXX_LANGUAGE_STANDARD = "gnu++0x";
				CLANG_CXX_LIBRARY = "libc++";
				CLANG_ENABLE_MODULES = YES;
				CLANG_ENABLE_OBJC_ARC = YES;
				CLANG_WARN_BOOL_CONVERSION = YES;
				CLANG_WARN_CONSTANT_CONVERSION = YES;
				CLANG_WARN_DIRECT_OBJC_ISA_USAGE = YES_ERROR;
				CLANG_WARN_EMPTY_BODY = YES;
				CLANG_WARN_ENUM_CONVERSION = YES;
				CLANG_WARN_INFINITE_RECURSION = YES;
				CLANG_WARN_INT_CONVERSION = YES;
				CLANG_WARN_OBJC_ROOT_CLASS = YES_ERROR;
				CLANG_WARN_SUSPICIOUS_MOVE = YES;
				CLANG_WARN_UNREACHABLE_CODE = YES;
				CLANG_WARN__DUPLICATE_METHOD_MATCH = YES;
				"CODE_SIGN_IDENTITY[sdk=iphoneos*]" = "iPhone Developer";
				COPY_PHASE_STRIP = NO;
				DEBUG_INFORMATION_FORMAT = "dwarf-with-dsym";
				ENABLE_NS_ASSERTIONS = NO;
				ENABLE_STRICT_OBJC_MSGSEND = YES;
				GCC_C_LANGUAGE_STANDARD = gnu99;
				GCC_NO_COMMON_BLOCKS = YES;
				GCC_PREFIX_HEADER = "$(SRCROOT)/LexusApp/PrefixHeader.pch";
				GCC_WARN_64_TO_32_BIT_CONVERSION = YES;
				GCC_WARN_ABOUT_RETURN_TYPE = YES_ERROR;
				GCC_WARN_UNDECLARED_SELECTOR = YES;
				GCC_WARN_UNINITIALIZED_AUTOS = YES_AGGRESSIVE;
				GCC_WARN_UNUSED_FUNCTION = YES;
				GCC_WARN_UNUSED_VARIABLE = YES;
				IPHONEOS_DEPLOYMENT_TARGET = 9.3;
				MTL_ENABLE_DEBUG_INFO = NO;
				SDKROOT = iphoneos;
				TARGETED_DEVICE_FAMILY = 2;
				VALIDATE_PRODUCT = YES;
			};
			name = Release;
		};
		D7DFC1BB1D754A3B007A6D0C /* Debug */ = {
			isa = XCBuildConfiguration;
			baseConfigurationReference = 2BE3A304765095CA6778724A /* Pods-LexusApp.debug.xcconfig */;
			buildSettings = {
				ASSETCATALOG_COMPILER_APPICON_NAME = AppIcon;
				CODE_SIGN_IDENTITY = "iPhone Developer";
				"CODE_SIGN_IDENTITY[sdk=iphoneos*]" = "iPhone Developer";
				DEVELOPMENT_TEAM = 68Q9UNJFRU;
				GCC_PREFIX_HEADER = "$(SRCROOT)/LexusApp/PrefixHeader.pch";
				INFOPLIST_FILE = LexusApp/Info.plist;
				IPHONEOS_DEPLOYMENT_TARGET = 9.0;
				LD_RUNPATH_SEARCH_PATHS = "$(inherited) @executable_path/Frameworks";
				PRODUCT_BUNDLE_IDENTIFIER = zxl.LexusApp;
				PRODUCT_NAME = "$(TARGET_NAME)";
				PROVISIONING_PROFILE = "";
				SWIFT_VERSION = 3.0;
			};
			name = Debug;
		};
		D7DFC1BC1D754A3B007A6D0C /* Release */ = {
			isa = XCBuildConfiguration;
			baseConfigurationReference = 39F2875D6C2EFF83963AD488 /* Pods-LexusApp.release.xcconfig */;
			buildSettings = {
				ASSETCATALOG_COMPILER_APPICON_NAME = AppIcon;
				CODE_SIGN_IDENTITY = "iPhone Developer";
				"CODE_SIGN_IDENTITY[sdk=iphoneos*]" = "iPhone Developer";
				DEVELOPMENT_TEAM = 68Q9UNJFRU;
				GCC_PREFIX_HEADER = "$(SRCROOT)/LexusApp/PrefixHeader.pch";
				INFOPLIST_FILE = LexusApp/Info.plist;
				IPHONEOS_DEPLOYMENT_TARGET = 9.0;
				LD_RUNPATH_SEARCH_PATHS = "$(inherited) @executable_path/Frameworks";
				PRODUCT_BUNDLE_IDENTIFIER = zxl.LexusApp;
				PRODUCT_NAME = "$(TARGET_NAME)";
				PROVISIONING_PROFILE = "";
				SWIFT_VERSION = 3.0;
			};
			name = Release;
		};
/* End XCBuildConfiguration section */

/* Begin XCConfigurationList section */
		D7DFC19E1D754A3A007A6D0C /* Build configuration list for PBXProject "LexusApp" */ = {
			isa = XCConfigurationList;
			buildConfigurations = (
				D7DFC1B81D754A3B007A6D0C /* Debug */,
				D7DFC1B91D754A3B007A6D0C /* Release */,
			);
			defaultConfigurationIsVisible = 0;
			defaultConfigurationName = Release;
		};
		D7DFC1BA1D754A3B007A6D0C /* Build configuration list for PBXNativeTarget "LexusApp" */ = {
			isa = XCConfigurationList;
			buildConfigurations = (
				D7DFC1BB1D754A3B007A6D0C /* Debug */,
				D7DFC1BC1D754A3B007A6D0C /* Release */,
			);
			defaultConfigurationIsVisible = 0;
			defaultConfigurationName = Release;
		};
/* End XCConfigurationList section */
	};
	rootObject = D7DFC19B1D754A3A007A6D0C /* Project object */;
}
